
Microsoft Visual Studio Solution File, Format Version 12.00
# Visual Studio Version 16
VisualStudioVersion = 16.0.32228.343
MinimumVisualStudioVersion = 10.0.40219.1
Project("{FAE04EC0-301F-11D3-BF4B-00C04F79EFBC}") = "AutomationPOC", "AutomationPOC\AutomationPOC.csproj", "{FABCF7C4-20C2-4812-91DB-AD40E66DBB8C}"
EndProject
Global
	GlobalSection(SolutionConfigurationPlatforms) = preSolution
		Debug|Any CPU = Debug|Any CPU
		Release|Any CPU = Release|Any CPU
	EndGlobalSection
	GlobalSection(ProjectConfigurationPlatforms) = postSolution
		{FABCF7C4-20C2-4812-91DB-AD40E66DBB8C}.Debug|Any CPU.ActiveCfg = Debug|Any CPU
		{FABCF7C4-20C2-4812-91DB-AD40E66DBB8C}.Debug|Any CPU.Build.0 = Debug|Any CPU
		{FABCF7C4-20C2-4812-91DB-AD40E66DBB8C}.Release|Any CPU.ActiveCfg = Release|Any CPU
		{FABCF7C4-20C2-4812-91DB-AD40E66DBB8C}.Release|Any CPU.Build.0 = Release|Any CPU
	EndGlobalSection
	GlobalSection(SolutionProperties) = preSolution
		HideSolutionNode = FALSE
	EndGlobalSection
	GlobalSection(ExtensibilityGlobals) = postSolution
		SolutionGuid = {D9648E86-84F8-4554-8FAE-9EC764D25368}
	EndGlobalSection
EndGlobal
